
Microsoft Visual Studio Solution File, Format Version 12.00
# Visual Studio Version 17
VisualStudioVersion = 17.14.36915.13
MinimumVisualStudioVersion = 10.0.40219.1
Project("{FAE04EC0-301F-11D3-BF4B-00C04F79EFBC}") = "RealEstateManagement_MinhNTSE196686", "RealEstateManagement_MinhNTSE196686\RealEstateManagement_MinhNTSE196686.csproj", "{1706EAC1-4545-4D22-9769-04A4E2984834}"
EndProject
Project("{FAE04EC0-301F-11D3-BF4B-00C04F79EFBC}") = "BLL", "BLL\BLL.csproj", "{BD146161-F0B4-4041-8B59-F28C41AD22AE}"
EndProject
Project("{FAE04EC0-301F-11D3-BF4B-00C04F79EFBC}") = "DAL", "DAL\DAL.csproj", "{CE4E94A5-6EF0-4322-B9DE-FA7095858CA2}"
EndProject
Global
	GlobalSection(SolutionConfigurationPlatforms) = preSolution
		Debug|Any CPU = Debug|Any CPU
		Release|Any CPU = Release|Any CPU
	EndGlobalSection
	GlobalSection(ProjectConfigurationPlatforms) = postSolution
		{1706EAC1-4545-4D22-9769-04A4E2984834}.Debug|Any CPU.ActiveCfg = Debug|Any CPU
		{1706EAC1-4545-4D22-9769-04A4E2984834}.Debug|Any CPU.Build.0 = Debug|Any CPU
		{1706EAC1-4545-4D22-9769-04A4E2984834}.Release|Any CPU.ActiveCfg = Release|Any CPU
		{1706EAC1-4545-4D22-9769-04A4E2984834}.Release|Any CPU.Build.0 = Release|Any CPU
		{BD146161-F0B4-4041-8B59-F28C41AD22AE}.Debug|Any CPU.ActiveCfg = Debug|Any CPU
		{BD146161-F0B4-4041-8B59-F28C41AD22AE}.Debug|Any CPU.Build.0 = Debug|Any CPU
		{BD146161-F0B4-4041-8B59-F28C41AD22AE}.Release|Any CPU.ActiveCfg = Release|Any CPU
		{BD146161-F0B4-4041-8B59-F28C41AD22AE}.Release|Any CPU.Build.0 = Release|Any CPU
		{CE4E94A5-6EF0-4322-B9DE-FA7095858CA2}.Debug|Any CPU.ActiveCfg = Debug|Any CPU
		{CE4E94A5-6EF0-4322-B9DE-FA7095858CA2}.Debug|Any CPU.Build.0 = Debug|Any CPU
		{CE4E94A5-6EF0-4322-B9DE-FA7095858CA2}.Release|Any CPU.ActiveCfg = Release|Any CPU
		{CE4E94A5-6EF0-4322-B9DE-FA7095858CA2}.Release|Any CPU.Build.0 = Release|Any CPU
	EndGlobalSection
	GlobalSection(SolutionProperties) = preSolution
		HideSolutionNode = FALSE
	EndGlobalSection
	GlobalSection(ExtensibilityGlobals) = postSolution
		SolutionGuid = {BB3C5820-E101-49E9-84C8-00F50BACDECE}
	EndGlobalSection
EndGlobal
